
Microsoft Visual Studio Solution File, Format Version 12.00
# Visual Studio Version 17
VisualStudioVersion = 17.7.34024.191
MinimumVisualStudioVersion = 10.0.40219.1
Project("{2150E333-8FDC-42A3-9474-1A3956D46DE8}") = "3 - Domain", "3 - Domain", "{4F51D135-ED29-4DA9-B944-BBD23E55CFB2}"
EndProject
Project("{2150E333-8FDC-42A3-9474-1A3956D46DE8}") = "4 - Infra", "4 - Infra", "{DBD4CBF6-1CD1-455A-B8A2-7238C9ABC826}"
EndProject
Project("{2150E333-8FDC-42A3-9474-1A3956D46DE8}") = "4.1 - Data", "4.1 - Data", "{94220C23-5EA8-4C84-A449-7BA770EABC0A}"
EndProject
Project("{2150E333-8FDC-42A3-9474-1A3956D46DE8}") = "4.2 - CrossCutting", "4.2 - CrossCutting", "{2883A098-448B-4248-9C10-B0614FED0E2A}"
EndProject
Project("{9A19103F-16F7-4668-BE54-9A1E7A4F7556}") = "Modelo.infra.Data", "ClassLibrary3\Modelo.infra.Data.csproj", "{44B4AC95-2B23-46FD-80A5-0D752A8587E2}"
EndProject
Project("{9A19103F-16F7-4668-BE54-9A1E7A4F7556}") = "Modelo.infra.CrossCutting", "ClassLibrary4\Modelo.infra.CrossCutting.csproj", "{6E224EBE-E624-46C2-BD37-5D7E034E509E}"
EndProject
Project("{9A19103F-16F7-4668-BE54-9A1E7A4F7556}") = "WebApplication3", "WebApplication3\WebApplication3.csproj", "{178AC76D-C66C-4074-BCCA-F8E235DA3DA5}"
EndProject
Project("{2150E333-8FDC-42A3-9474-1A3956D46DE8}") = "1- Api", "1- Api", "{364122DF-9A50-45CA-86DF-77F5BDA282A1}"
EndProject
Project("{2150E333-8FDC-42A3-9474-1A3956D46DE8}") = "2- Applicadtion", "2- Applicadtion", "{188EF572-BBA2-4844-872E-BC685BBFFC79}"
EndProject
Project("{FAE04EC0-301F-11D3-BF4B-00C04F79EFBC}") = "Modelo.Application", "ModeloApplication\Modelo.Application.csproj", "{74B91FD1-AF94-4F8B-B1C3-EAA6C9E2FF2C}"
EndProject
Project("{FAE04EC0-301F-11D3-BF4B-00C04F79EFBC}") = "Modelo.Domain", "Modelo.Domain\Modelo.Domain.csproj", "{3CC4B973-CB2A-46FF-B076-E1B8AD2009E8}"
EndProject
Project("{2150E333-8FDC-42A3-9474-1A3956D46DE8}") = "5 - Teste", "5 - Teste", "{3106F24F-4A5D-4C43-8193-F588261E1AA6}"
EndProject
Global
	GlobalSection(SolutionConfigurationPlatforms) = preSolution
		Debug|Any CPU = Debug|Any CPU
		Release|Any CPU = Release|Any CPU
	EndGlobalSection
	GlobalSection(ProjectConfigurationPlatforms) = postSolution
		{44B4AC95-2B23-46FD-80A5-0D752A8587E2}.Debug|Any CPU.ActiveCfg = Debug|Any CPU
		{44B4AC95-2B23-46FD-80A5-0D752A8587E2}.Debug|Any CPU.Build.0 = Debug|Any CPU
		{44B4AC95-2B23-46FD-80A5-0D752A8587E2}.Release|Any CPU.ActiveCfg = Release|Any CPU
		{44B4AC95-2B23-46FD-80A5-0D752A8587E2}.Release|Any CPU.Build.0 = Release|Any CPU
		{6E224EBE-E624-46C2-BD37-5D7E034E509E}.Debug|Any CPU.ActiveCfg = Debug|Any CPU
		{6E224EBE-E624-46C2-BD37-5D7E034E509E}.Debug|Any CPU.Build.0 = Debug|Any CPU
		{6E224EBE-E624-46C2-BD37-5D7E034E509E}.Release|Any CPU.ActiveCfg = Release|Any CPU
		{6E224EBE-E624-46C2-BD37-5D7E034E509E}.Release|Any CPU.Build.0 = Release|Any CPU
		{178AC76D-C66C-4074-BCCA-F8E235DA3DA5}.Debug|Any CPU.ActiveCfg = Debug|Any CPU
		{178AC76D-C66C-4074-BCCA-F8E235DA3DA5}.Debug|Any CPU.Build.0 = Debug|Any CPU
		{178AC76D-C66C-4074-BCCA-F8E235DA3DA5}.Release|Any CPU.ActiveCfg = Release|Any CPU
		{178AC76D-C66C-4074-BCCA-F8E235DA3DA5}.Release|Any CPU.Build.0 = Release|Any CPU
		{74B91FD1-AF94-4F8B-B1C3-EAA6C9E2FF2C}.Debug|Any CPU.ActiveCfg = Debug|Any CPU
		{74B91FD1-AF94-4F8B-B1C3-EAA6C9E2FF2C}.Debug|Any CPU.Build.0 = Debug|Any CPU
		{74B91FD1-AF94-4F8B-B1C3-EAA6C9E2FF2C}.Release|Any CPU.ActiveCfg = Release|Any CPU
		{74B91FD1-AF94-4F8B-B1C3-EAA6C9E2FF2C}.Release|Any CPU.Build.0 = Release|Any CPU
		{3CC4B973-CB2A-46FF-B076-E1B8AD2009E8}.Debug|Any CPU.ActiveCfg = Debug|Any CPU
		{3CC4B973-CB2A-46FF-B076-E1B8AD2009E8}.Debug|Any CPU.Build.0 = Debug|Any CPU
		{3CC4B973-CB2A-46FF-B076-E1B8AD2009E8}.Release|Any CPU.ActiveCfg = Release|Any CPU
		{3CC4B973-CB2A-46FF-B076-E1B8AD2009E8}.Release|Any CPU.Build.0 = Release|Any CPU
	EndGlobalSection
	GlobalSection(SolutionProperties) = preSolution
		HideSolutionNode = FALSE
	EndGlobalSection
	GlobalSection(NestedProjects) = preSolution
		{94220C23-5EA8-4C84-A449-7BA770EABC0A} = {DBD4CBF6-1CD1-455A-B8A2-7238C9ABC826}
		{2883A098-448B-4248-9C10-B0614FED0E2A} = {DBD4CBF6-1CD1-455A-B8A2-7238C9ABC826}
		{44B4AC95-2B23-46FD-80A5-0D752A8587E2} = {94220C23-5EA8-4C84-A449-7BA770EABC0A}
		{6E224EBE-E624-46C2-BD37-5D7E034E509E} = {2883A098-448B-4248-9C10-B0614FED0E2A}
		{178AC76D-C66C-4074-BCCA-F8E235DA3DA5} = {364122DF-9A50-45CA-86DF-77F5BDA282A1}
		{74B91FD1-AF94-4F8B-B1C3-EAA6C9E2FF2C} = {188EF572-BBA2-4844-872E-BC685BBFFC79}
		{3CC4B973-CB2A-46FF-B076-E1B8AD2009E8} = {4F51D135-ED29-4DA9-B944-BBD23E55CFB2}
	EndGlobalSection
	GlobalSection(ExtensibilityGlobals) = postSolution
		SolutionGuid = {82170D41-6919-4E18-940D-18E67CA19048}
	EndGlobalSection
EndGlobal
