
Microsoft Visual Studio Solution File, Format Version 12.00
# Visual Studio Version 17
VisualStudioVersion = 17.7.34024.191
MinimumVisualStudioVersion = 10.0.40219.1
Project("{2150E333-8FDC-42A3-9474-1A3956D46DE8}") = "1 -  Application", "1 -  Application", "{E3117C91-4FFD-4B69-A800-43388D9B14AE}"
EndProject
Project("{2150E333-8FDC-42A3-9474-1A3956D46DE8}") = "2 - Domain", "2 - Domain", "{4F51D135-ED29-4DA9-B944-BBD23E55CFB2}"
EndProject
Project("{2150E333-8FDC-42A3-9474-1A3956D46DE8}") = "3 - Service", "3 - Service", "{375A73B9-912E-4F59-9BB1-2CA71321AA80}"
EndProject
Project("{2150E333-8FDC-42A3-9474-1A3956D46DE8}") = "4 - Infra", "4 - Infra", "{DBD4CBF6-1CD1-455A-B8A2-7238C9ABC826}"
EndProject
Project("{2150E333-8FDC-42A3-9474-1A3956D46DE8}") = "4.1 - Data", "4.1 - Data", "{94220C23-5EA8-4C84-A449-7BA770EABC0A}"
EndProject
Project("{2150E333-8FDC-42A3-9474-1A3956D46DE8}") = "4.2 - CrossCutting", "4.2 - CrossCutting", "{2883A098-448B-4248-9C10-B0614FED0E2A}"
EndProject
Project("{FAE04EC0-301F-11D3-BF4B-00C04F79EFBC}") = "Modelo.Domain", "ClassLibrary1\Modelo.Domain.csproj", "{67646297-D96A-4DE9-9504-30E00D6123E8}"
EndProject
Project("{FAE04EC0-301F-11D3-BF4B-00C04F79EFBC}") = "Modelo.Service", "ClassLibrary2\Modelo.Service.csproj", "{F601BA58-160F-4D97-907B-C8C500B32D75}"
EndProject
Project("{FAE04EC0-301F-11D3-BF4B-00C04F79EFBC}") = "Modelo.infra.Data", "ClassLibrary3\Modelo.infra.Data.csproj", "{44B4AC95-2B23-46FD-80A5-0D752A8587E2}"
EndProject
Project("{FAE04EC0-301F-11D3-BF4B-00C04F79EFBC}") = "Modelo.infra.CrossCutting", "ClassLibrary4\Modelo.infra.CrossCutting.csproj", "{6E224EBE-E624-46C2-BD37-5D7E034E509E}"
EndProject
Project("{FAE04EC0-301F-11D3-BF4B-00C04F79EFBC}") = "WebApplication3", "WebApplication3\WebApplication3.csproj", "{178AC76D-C66C-4074-BCCA-F8E235DA3DA5}"
EndProject
Global
	GlobalSection(SolutionConfigurationPlatforms) = preSolution
		Debug|Any CPU = Debug|Any CPU
		Release|Any CPU = Release|Any CPU
	EndGlobalSection
	GlobalSection(ProjectConfigurationPlatforms) = postSolution
		{67646297-D96A-4DE9-9504-30E00D6123E8}.Debug|Any CPU.ActiveCfg = Debug|Any CPU
		{67646297-D96A-4DE9-9504-30E00D6123E8}.Debug|Any CPU.Build.0 = Debug|Any CPU
		{67646297-D96A-4DE9-9504-30E00D6123E8}.Release|Any CPU.ActiveCfg = Release|Any CPU
		{67646297-D96A-4DE9-9504-30E00D6123E8}.Release|Any CPU.Build.0 = Release|Any CPU
		{F601BA58-160F-4D97-907B-C8C500B32D75}.Debug|Any CPU.ActiveCfg = Debug|Any CPU
		{F601BA58-160F-4D97-907B-C8C500B32D75}.Debug|Any CPU.Build.0 = Debug|Any CPU
		{F601BA58-160F-4D97-907B-C8C500B32D75}.Release|Any CPU.ActiveCfg = Release|Any CPU
		{F601BA58-160F-4D97-907B-C8C500B32D75}.Release|Any CPU.Build.0 = Release|Any CPU
		{44B4AC95-2B23-46FD-80A5-0D752A8587E2}.Debug|Any CPU.ActiveCfg = Debug|Any CPU
		{44B4AC95-2B23-46FD-80A5-0D752A8587E2}.Debug|Any CPU.Build.0 = Debug|Any CPU
		{44B4AC95-2B23-46FD-80A5-0D752A8587E2}.Release|Any CPU.ActiveCfg = Release|Any CPU
		{44B4AC95-2B23-46FD-80A5-0D752A8587E2}.Release|Any CPU.Build.0 = Release|Any CPU
		{6E224EBE-E624-46C2-BD37-5D7E034E509E}.Debug|Any CPU.ActiveCfg = Debug|Any CPU
		{6E224EBE-E624-46C2-BD37-5D7E034E509E}.Debug|Any CPU.Build.0 = Debug|Any CPU
		{6E224EBE-E624-46C2-BD37-5D7E034E509E}.Release|Any CPU.ActiveCfg = Release|Any CPU
		{6E224EBE-E624-46C2-BD37-5D7E034E509E}.Release|Any CPU.Build.0 = Release|Any CPU
		{178AC76D-C66C-4074-BCCA-F8E235DA3DA5}.Debug|Any CPU.ActiveCfg = Debug|Any CPU
		{178AC76D-C66C-4074-BCCA-F8E235DA3DA5}.Debug|Any CPU.Build.0 = Debug|Any CPU
		{178AC76D-C66C-4074-BCCA-F8E235DA3DA5}.Release|Any CPU.ActiveCfg = Release|Any CPU
		{178AC76D-C66C-4074-BCCA-F8E235DA3DA5}.Release|Any CPU.Build.0 = Release|Any CPU
	EndGlobalSection
	GlobalSection(SolutionProperties) = preSolution
		HideSolutionNode = FALSE
	EndGlobalSection
	GlobalSection(NestedProjects) = preSolution
		{94220C23-5EA8-4C84-A449-7BA770EABC0A} = {DBD4CBF6-1CD1-455A-B8A2-7238C9ABC826}
		{2883A098-448B-4248-9C10-B0614FED0E2A} = {DBD4CBF6-1CD1-455A-B8A2-7238C9ABC826}
		{67646297-D96A-4DE9-9504-30E00D6123E8} = {4F51D135-ED29-4DA9-B944-BBD23E55CFB2}
		{F601BA58-160F-4D97-907B-C8C500B32D75} = {375A73B9-912E-4F59-9BB1-2CA71321AA80}
		{44B4AC95-2B23-46FD-80A5-0D752A8587E2} = {94220C23-5EA8-4C84-A449-7BA770EABC0A}
		{6E224EBE-E624-46C2-BD37-5D7E034E509E} = {2883A098-448B-4248-9C10-B0614FED0E2A}
		{178AC76D-C66C-4074-BCCA-F8E235DA3DA5} = {E3117C91-4FFD-4B69-A800-43388D9B14AE}
	EndGlobalSection
	GlobalSection(ExtensibilityGlobals) = postSolution
		SolutionGuid = {82170D41-6919-4E18-940D-18E67CA19048}
	EndGlobalSection
EndGlobal
